
Microsoft Visual Studio Solution File, Format Version 12.00
# Visual Studio Version 17
VisualStudioVersion = 17.4.33110.190
MinimumVisualStudioVersion = 10.0.40219.1
Project("{8BC9CEB8-8B4A-11D0-8D11-00A0C91BC942}") = "OpenGL", "OpenGL\OpenGL.vcxproj", "{77F43E03-1506-4FC2-86DC-192CCCC01C5F}"
EndProject
Global
	GlobalSection(SolutionConfigurationPlatforms) = preSolution
		Debug|x64 = Debug|x64
		Debug|x86 = Debug|x86
		Release|x64 = Release|x64
		Release|x86 = Release|x86
	EndGlobalSection
	GlobalSection(ProjectConfigurationPlatforms) = postSolution
		{77F43E03-1506-4FC2-86DC-192CCCC01C5F}.Debug|x64.ActiveCfg = Debug|x64
		{77F43E03-1506-4FC2-86DC-192CCCC01C5F}.Debug|x64.Build.0 = Debug|x64
		{77F43E03-1506-4FC2-86DC-192CCCC01C5F}.Debug|x86.ActiveCfg = Debug|Win32
		{77F43E03-1506-4FC2-86DC-192CCCC01C5F}.Debug|x86.Build.0 = Debug|Win32
		{77F43E03-1506-4FC2-86DC-192CCCC01C5F}.Release|x64.ActiveCfg = Release|x64
		{77F43E03-1506-4FC2-86DC-192CCCC01C5F}.Release|x64.Build.0 = Release|x64
		{77F43E03-1506-4FC2-86DC-192CCCC01C5F}.Release|x86.ActiveCfg = Release|Win32
		{77F43E03-1506-4FC2-86DC-192CCCC01C5F}.Release|x86.Build.0 = Release|Win32
	EndGlobalSection
	GlobalSection(SolutionProperties) = preSolution
		HideSolutionNode = FALSE
	EndGlobalSection
	GlobalSection(ExtensibilityGlobals) = postSolution
		SolutionGuid = {0E2D6D67-FD5B-474C-94C1-438C68AEB247}
	EndGlobalSection
EndGlobal
